
Microsoft Visual Studio Solution File, Format Version 12.00
# Visual Studio Version 16
VisualStudioVersion = 16.0.29215.179
MinimumVisualStudioVersion = 10.0.40219.1
Project("{FAE04EC0-301F-11D3-BF4B-00C04F79EFBC}") = "WebAPIDemo", "WebAPIDemo\WebAPIDemo.csproj", "{FEF89E9E-F62F-4593-B6C2-71C02A7A937E}"
EndProject
Global
	GlobalSection(SolutionConfigurationPlatforms) = preSolution
		Debug|Any CPU = Debug|Any CPU
		Release|Any CPU = Release|Any CPU
	EndGlobalSection
	GlobalSection(ProjectConfigurationPlatforms) = postSolution
		{FEF89E9E-F62F-4593-B6C2-71C02A7A937E}.Debug|Any CPU.ActiveCfg = Debug|Any CPU
		{FEF89E9E-F62F-4593-B6C2-71C02A7A937E}.Debug|Any CPU.Build.0 = Debug|Any CPU
		{FEF89E9E-F62F-4593-B6C2-71C02A7A937E}.Release|Any CPU.ActiveCfg = Release|Any CPU
		{FEF89E9E-F62F-4593-B6C2-71C02A7A937E}.Release|Any CPU.Build.0 = Release|Any CPU
	EndGlobalSection
	GlobalSection(SolutionProperties) = preSolution
		HideSolutionNode = FALSE
	EndGlobalSection
	GlobalSection(ExtensibilityGlobals) = postSolution
		SolutionGuid = {8FCF500B-8795-40FB-B8D8-CCE6D1158C77}
	EndGlobalSection
EndGlobal
